
Microsoft Visual Studio Solution File, Format Version 12.00
# Visual Studio Version 17
VisualStudioVersion = 17.0.31912.275
MinimumVisualStudioVersion = 10.0.40219.1
Project("{FAE04EC0-301F-11D3-BF4B-00C04F79EFBC}") = "CollectionViewTutorial.Android", "CollectionViewTutorial\CollectionViewTutorial.Android\CollectionViewTutorial.Android.csproj", "{321385A7-48B9-4378-81FF-72D639ACEE38}"
EndProject
Project("{FAE04EC0-301F-11D3-BF4B-00C04F79EFBC}") = "CollectionViewTutorial.iOS", "CollectionViewTutorial\CollectionViewTutorial.iOS\CollectionViewTutorial.iOS.csproj", "{E04C7B26-166E-493A-84FE-C8D8B243C573}"
EndProject
Project("{FAE04EC0-301F-11D3-BF4B-00C04F79EFBC}") = "CollectionViewTutorial", "CollectionViewTutorial\CollectionViewTutorial\CollectionViewTutorial.csproj", "{5E6A724D-B534-43B2-9987-CFE0D11D444D}"
EndProject
Global
	GlobalSection(SolutionConfigurationPlatforms) = preSolution
		Debug|Any CPU = Debug|Any CPU
		Debug|iPhone = Debug|iPhone
		Debug|iPhoneSimulator = Debug|iPhoneSimulator
		Release|Any CPU = Release|Any CPU
		Release|iPhone = Release|iPhone
		Release|iPhoneSimulator = Release|iPhoneSimulator
	EndGlobalSection
	GlobalSection(ProjectConfigurationPlatforms) = postSolution
		{321385A7-48B9-4378-81FF-72D639ACEE38}.Debug|Any CPU.ActiveCfg = Debug|Any CPU
		{321385A7-48B9-4378-81FF-72D639ACEE38}.Debug|Any CPU.Build.0 = Debug|Any CPU
		{321385A7-48B9-4378-81FF-72D639ACEE38}.Debug|Any CPU.Deploy.0 = Debug|Any CPU
		{321385A7-48B9-4378-81FF-72D639ACEE38}.Debug|iPhone.ActiveCfg = Debug|Any CPU
		{321385A7-48B9-4378-81FF-72D639ACEE38}.Debug|iPhone.Build.0 = Debug|Any CPU
		{321385A7-48B9-4378-81FF-72D639ACEE38}.Debug|iPhone.Deploy.0 = Debug|Any CPU
		{321385A7-48B9-4378-81FF-72D639ACEE38}.Debug|iPhoneSimulator.ActiveCfg = Debug|Any CPU
		{321385A7-48B9-4378-81FF-72D639ACEE38}.Debug|iPhoneSimulator.Build.0 = Debug|Any CPU
		{321385A7-48B9-4378-81FF-72D639ACEE38}.Debug|iPhoneSimulator.Deploy.0 = Debug|Any CPU
		{321385A7-48B9-4378-81FF-72D639ACEE38}.Release|Any CPU.ActiveCfg = Release|Any CPU
		{321385A7-48B9-4378-81FF-72D639ACEE38}.Release|Any CPU.Build.0 = Release|Any CPU
		{321385A7-48B9-4378-81FF-72D639ACEE38}.Release|Any CPU.Deploy.0 = Release|Any CPU
		{321385A7-48B9-4378-81FF-72D639ACEE38}.Release|iPhone.ActiveCfg = Release|Any CPU
		{321385A7-48B9-4378-81FF-72D639ACEE38}.Release|iPhone.Build.0 = Release|Any CPU
		{321385A7-48B9-4378-81FF-72D639ACEE38}.Release|iPhone.Deploy.0 = Release|Any CPU
		{321385A7-48B9-4378-81FF-72D639ACEE38}.Release|iPhoneSimulator.ActiveCfg = Release|Any CPU
		{321385A7-48B9-4378-81FF-72D639ACEE38}.Release|iPhoneSimulator.Build.0 = Release|Any CPU
		{321385A7-48B9-4378-81FF-72D639ACEE38}.Release|iPhoneSimulator.Deploy.0 = Release|Any CPU
		{E04C7B26-166E-493A-84FE-C8D8B243C573}.Debug|Any CPU.ActiveCfg = Debug|iPhone
		{E04C7B26-166E-493A-84FE-C8D8B243C573}.Debug|Any CPU.Build.0 = Debug|iPhone
		{E04C7B26-166E-493A-84FE-C8D8B243C573}.Debug|Any CPU.Deploy.0 = Debug|iPhone
		{E04C7B26-166E-493A-84FE-C8D8B243C573}.Debug|iPhone.ActiveCfg = Debug|iPhone
		{E04C7B26-166E-493A-84FE-C8D8B243C573}.Debug|iPhone.Build.0 = Debug|iPhone
		{E04C7B26-166E-493A-84FE-C8D8B243C573}.Debug|iPhone.Deploy.0 = Debug|iPhone
		{E04C7B26-166E-493A-84FE-C8D8B243C573}.Debug|iPhoneSimulator.ActiveCfg = Debug|iPhoneSimulator
		{E04C7B26-166E-493A-84FE-C8D8B243C573}.Debug|iPhoneSimulator.Build.0 = Debug|iPhoneSimulator
		{E04C7B26-166E-493A-84FE-C8D8B243C573}.Debug|iPhoneSimulator.Deploy.0 = Debug|iPhoneSimulator
		{E04C7B26-166E-493A-84FE-C8D8B243C573}.Release|Any CPU.ActiveCfg = Release|iPhoneSimulator
		{E04C7B26-166E-493A-84FE-C8D8B243C573}.Release|Any CPU.Build.0 = Release|iPhoneSimulator
		{E04C7B26-166E-493A-84FE-C8D8B243C573}.Release|Any CPU.Deploy.0 = Release|iPhoneSimulator
		{E04C7B26-166E-493A-84FE-C8D8B243C573}.Release|iPhone.ActiveCfg = Release|iPhone
		{E04C7B26-166E-493A-84FE-C8D8B243C573}.Release|iPhone.Build.0 = Release|iPhone
		{E04C7B26-166E-493A-84FE-C8D8B243C573}.Release|iPhone.Deploy.0 = Release|iPhone
		{E04C7B26-166E-493A-84FE-C8D8B243C573}.Release|iPhoneSimulator.ActiveCfg = Release|iPhoneSimulator
		{E04C7B26-166E-493A-84FE-C8D8B243C573}.Release|iPhoneSimulator.Build.0 = Release|iPhoneSimulator
		{E04C7B26-166E-493A-84FE-C8D8B243C573}.Release|iPhoneSimulator.Deploy.0 = Release|iPhoneSimulator
		{5E6A724D-B534-43B2-9987-CFE0D11D444D}.Debug|Any CPU.ActiveCfg = Debug|Any CPU
		{5E6A724D-B534-43B2-9987-CFE0D11D444D}.Debug|Any CPU.Build.0 = Debug|Any CPU
		{5E6A724D-B534-43B2-9987-CFE0D11D444D}.Debug|Any CPU.Deploy.0 = Debug|Any CPU
		{5E6A724D-B534-43B2-9987-CFE0D11D444D}.Debug|iPhone.ActiveCfg = Debug|Any CPU
		{5E6A724D-B534-43B2-9987-CFE0D11D444D}.Debug|iPhone.Build.0 = Debug|Any CPU
		{5E6A724D-B534-43B2-9987-CFE0D11D444D}.Debug|iPhone.Deploy.0 = Debug|Any CPU
		{5E6A724D-B534-43B2-9987-CFE0D11D444D}.Debug|iPhoneSimulator.ActiveCfg = Debug|Any CPU
		{5E6A724D-B534-43B2-9987-CFE0D11D444D}.Debug|iPhoneSimulator.Build.0 = Debug|Any CPU
		{5E6A724D-B534-43B2-9987-CFE0D11D444D}.Debug|iPhoneSimulator.Deploy.0 = Debug|Any CPU
		{5E6A724D-B534-43B2-9987-CFE0D11D444D}.Release|Any CPU.ActiveCfg = Release|Any CPU
		{5E6A724D-B534-43B2-9987-CFE0D11D444D}.Release|Any CPU.Build.0 = Release|Any CPU
		{5E6A724D-B534-43B2-9987-CFE0D11D444D}.Release|Any CPU.Deploy.0 = Release|Any CPU
		{5E6A724D-B534-43B2-9987-CFE0D11D444D}.Release|iPhone.ActiveCfg = Release|Any CPU
		{5E6A724D-B534-43B2-9987-CFE0D11D444D}.Release|iPhone.Build.0 = Release|Any CPU
		{5E6A724D-B534-43B2-9987-CFE0D11D444D}.Release|iPhone.Deploy.0 = Release|Any CPU
		{5E6A724D-B534-43B2-9987-CFE0D11D444D}.Release|iPhoneSimulator.ActiveCfg = Release|Any CPU
		{5E6A724D-B534-43B2-9987-CFE0D11D444D}.Release|iPhoneSimulator.Build.0 = Release|Any CPU
		{5E6A724D-B534-43B2-9987-CFE0D11D444D}.Release|iPhoneSimulator.Deploy.0 = Release|Any CPU
	EndGlobalSection
	GlobalSection(SolutionProperties) = preSolution
		HideSolutionNode = FALSE
	EndGlobalSection
	GlobalSection(ExtensibilityGlobals) = postSolution
		SolutionGuid = {C7CE753E-28D5-4D69-92B9-5927478DF7AA}
	EndGlobalSection
EndGlobal
